// !$*UTF8*$!
{
	archiveVersion = 1;
	classes = {
	};
	objectVersion = 50;
	objects = {

/* Begin PBXBuildFile section */
		2AD54C1921198717004E2569 /* AppDelegate.swift in Sources */ = {isa = PBXBuildFile; fileRef = 2AD54C1821198717004E2569 /* AppDelegate.swift */; };
		2AD54C1B21198717004E2569 /* ViewController.swift in Sources */ = {isa = PBXBuildFile; fileRef = 2AD54C1A21198717004E2569 /* ViewController.swift */; };
		2AD54C1E21198717004E2569 /* Main.storyboard in Resources */ = {isa = PBXBuildFile; fileRef = 2AD54C1C21198717004E2569 /* Main.storyboard */; };
		2AD54C2021198718004E2569 /* Assets.xcassets in Resources */ = {isa = PBXBuildFile; fileRef = 2AD54C1F21198718004E2569 /* Assets.xcassets */; };
		2AD54C2321198718004E2569 /* LaunchScreen.storyboard in Resources */ = {isa = PBXBuildFile; fileRef = 2AD54C2121198718004E2569 /* LaunchScreen.storyboard */; };
		2AD54C2D21198D67004E2569 /* SubViewController.swift in Sources */ = {isa = PBXBuildFile; fileRef = 2AD54C2C21198D67004E2569 /* SubViewController.swift */; };
		678AEACDCC64AD612DE771CA /* Pods_FTPageViewControllerDemo.framework in Frameworks */ = {isa = PBXBuildFile; fileRef = 07FF1798A29BB5E32DDE26C8 /* Pods_FTPageViewControllerDemo.framework */; };
/* End PBXBuildFile section */

/* Begin PBXFileReference section */
		07FF1798A29BB5E32DDE26C8 /* Pods_FTPageViewControllerDemo.framework */ = {isa = PBXFileReference; explicitFileType = wrapper.framework; includeInIndex = 0; path = Pods_FTPageViewControllerDemo.framework; sourceTree = BUILT_PRODUCTS_DIR; };
		2AD54C1521198717004E2569 /* FTPageViewControllerDemo.app */ = {isa = PBXFileReference; explicitFileType = wrapper.application; includeInIndex = 0; path = FTPageViewControllerDemo.app; sourceTree = BUILT_PRODUCTS_DIR; };
		2AD54C1821198717004E2569 /* AppDelegate.swift */ = {isa = PBXFileReference; lastKnownFileType = sourcecode.swift; path = AppDelegate.swift; sourceTree = "<group>"; };
		2AD54C1A21198717004E2569 /* ViewController.swift */ = {isa = PBXFileReference; lastKnownFileType = sourcecode.swift; path = ViewController.swift; sourceTree = "<group>"; };
		2AD54C1D21198717004E2569 /* Base */ = {isa = PBXFileReference; lastKnownFileType = file.storyboard; name = Base; path = Base.lproj/Main.storyboard; sourceTree = "<group>"; };
		2AD54C1F21198718004E2569 /* Assets.xcassets */ = {isa = PBXFileReference; lastKnownFileType = folder.assetcatalog; path = Assets.xcassets; sourceTree = "<group>"; };
		2AD54C2221198718004E2569 /* Base */ = {isa = PBXFileReference; lastKnownFileType = file.storyboard; name = Base; path = Base.lproj/LaunchScreen.storyboard; sourceTree = "<group>"; };
		2AD54C2421198718004E2569 /* Info.plist */ = {isa = PBXFileReference; lastKnownFileType = text.plist.xml; path = Info.plist; sourceTree = "<group>"; };
		2AD54C2C21198D67004E2569 /* SubViewController.swift */ = {isa = PBXFileReference; lastKnownFileType = sourcecode.swift; path = SubViewController.swift; sourceTree = "<group>"; };
		2DD9227506691ECFA2C28279 /* Pods-FTPageViewControllerDemo.release.xcconfig */ = {isa = PBXFileReference; includeInIndex = 1; lastKnownFileType = text.xcconfig; name = "Pods-FTPageViewControllerDemo.release.xcconfig"; path = "Pods/Target Support Files/Pods-FTPageViewControllerDemo/Pods-FTPageViewControllerDemo.release.xcconfig"; sourceTree = "<group>"; };
		C01AD6D443C1765FE304A1D2 /* Pods-FTPageViewControllerDemo.debug.xcconfig */ = {isa = PBXFileReference; includeInIndex = 1; lastKnownFileType = text.xcconfig; name = "Pods-FTPageViewControllerDemo.debug.xcconfig"; path = "Pods/Target Support Files/Pods-FTPageViewControllerDemo/Pods-FTPageViewControllerDemo.debug.xcconfig"; sourceTree = "<group>"; };
/* End PBXFileReference section */

/* Begin PBXFrameworksBuildPhase section */
		2AD54C1221198717004E2569 /* Frameworks */ = {
			isa = PBXFrameworksBuildPhase;
			buildActionMask = 2147483647;
			files = (
				678AEACDCC64AD612DE771CA /* Pods_FTPageViewControllerDemo.framework in Frameworks */,
			);
			runOnlyForDeploymentPostprocessing = 0;
		};
/* End PBXFrameworksBuildPhase section */

/* Begin PBXGroup section */
		257951DA8A5FDAE5BB3A3AC2 /* Pods */ = {
			isa = PBXGroup;
			children = (
				C01AD6D443C1765FE304A1D2 /* Pods-FTPageViewControllerDemo.debug.xcconfig */,
				2DD9227506691ECFA2C28279 /* Pods-FTPageViewControllerDemo.release.xcconfig */,
			);
			name = Pods;
			sourceTree = "<group>";
		};
		2AD54C0C21198717004E2569 = {
			isa = PBXGroup;
			children = (
				2AD54C1721198717004E2569 /* FTPageViewControllerDemo */,
				2AD54C1621198717004E2569 /* Products */,
				257951DA8A5FDAE5BB3A3AC2 /* Pods */,
				DB04DF98D5EC04CE0F7986EB /* Frameworks */,
			);
			sourceTree = "<group>";
		};
		2AD54C1621198717004E2569 /* Products */ = {
			isa = PBXGroup;
			children = (
				2AD54C1521198717004E2569 /* FTPageViewControllerDemo.app */,
			);
			name = Products;
			sourceTree = "<group>";
		};
		2AD54C1721198717004E2569 /* FTPageViewControllerDemo */ = {
			isa = PBXGroup;
			children = (
				2AD54C1821198717004E2569 /* AppDelegate.swift */,
				2AD54C1A21198717004E2569 /* ViewController.swift */,
				2AD54C2C21198D67004E2569 /* SubViewController.swift */,
				2AD54C1C21198717004E2569 /* Main.storyboard */,
				2AD54C1F21198718004E2569 /* Assets.xcassets */,
				2AD54C2121198718004E2569 /* LaunchScreen.storyboard */,
				2AD54C2421198718004E2569 /* Info.plist */,
			);
			path = FTPageViewControllerDemo;
			sourceTree = "<group>";
		};
		DB04DF98D5EC04CE0F7986EB /* Frameworks */ = {
			isa = PBXGroup;
			children = (
				07FF1798A29BB5E32DDE26C8 /* Pods_FTPageViewControllerDemo.framework */,
			);
			name = Frameworks;
			sourceTree = "<group>";
		};
/* End PBXGroup section */

/* Begin PBXNativeTarget section */
		2AD54C1421198717004E2569 /* FTPageViewControllerDemo */ = {
			isa = PBXNativeTarget;
			buildConfigurationList = 2AD54C2721198718004E2569 /* Build configuration list for PBXNativeTarget "FTPageViewControllerDemo" */;
			buildPhases = (
				AE6D036C54814AD495CD7919 /* [CP] Check Pods Manifest.lock */,
				2AD54C1121198717004E2569 /* Sources */,
				2AD54C1221198717004E2569 /* Frameworks */,
				2AD54C1321198717004E2569 /* Resources */,
				33A7C03F09FFBE9EB02A2FD0 /* [CP] Embed Pods Frameworks */,
			);
			buildRules = (
			);
			dependencies = (
			);
			name = FTPageViewControllerDemo;
			productName = FTPageViewControllerDemo;
			productReference = 2AD54C1521198717004E2569 /* FTPageViewControllerDemo.app */;
			productType = "com.apple.product-type.application";
		};
/* End PBXNativeTarget section */

/* Begin PBXProject section */
		2AD54C0D21198717004E2569 /* Project object */ = {
			isa = PBXProject;
			attributes = {
				LastSwiftUpdateCheck = 1000;
				LastUpgradeCheck = 1000;
				ORGANIZATIONNAME = liufengting;
				TargetAttributes = {
					2AD54C1421198717004E2569 = {
						CreatedOnToolsVersion = 10.0;
						LastSwiftMigration = 1000;
					};
				};
			};
			buildConfigurationList = 2AD54C1021198717004E2569 /* Build configuration list for PBXProject "FTPageViewControllerDemo" */;
			compatibilityVersion = "Xcode 9.3";
			developmentRegion = en;
			hasScannedForEncodings = 0;
			knownRegions = (
				en,
				Base,
			);
			mainGroup = 2AD54C0C21198717004E2569;
			productRefGroup = 2AD54C1621198717004E2569 /* Products */;
			projectDirPath = "";
			projectRoot = "";
			targets = (
				2AD54C1421198717004E2569 /* FTPageViewControllerDemo */,
			);
		};
/* End PBXProject section */

/* Begin PBXResourcesBuildPhase section */
		2AD54C1321198717004E2569 /* Resources */ = {
			isa = PBXResourcesBuildPhase;
			buildActionMask = 2147483647;
			files = (
				2AD54C2321198718004E2569 /* LaunchScreen.storyboard in Resources */,
				2AD54C2021198718004E2569 /* Assets.xcassets in Resources */,
				2AD54C1E21198717004E2569 /* Main.storyboard in Resources */,
			);
			runOnlyForDeploymentPostprocessing = 0;
		};
/* End PBXResourcesBuildPhase section */

/* Begin PBXShellScriptBuildPhase section */
		33A7C03F09FFBE9EB02A2FD0 /* [CP] Embed Pods Frameworks */ = {
			isa = PBXShellScriptBuildPhase;
			buildActionMask = 2147483647;
			files = (
			);
			inputPaths = (
				"${SRCROOT}/Pods/Target Support Files/Pods-FTPageViewControllerDemo/Pods-FTPageViewControllerDemo-frameworks.sh",
				"${BUILT_PRODUCTS_DIR}/FTPageViewController/FTPageViewController.framework",
			);
			name = "[CP] Embed Pods Frameworks";
			outputPaths = (
				"${TARGET_BUILD_DIR}/${FRAMEWORKS_FOLDER_PATH}/FTPageViewController.framework",
			);
			runOnlyForDeploymentPostprocessing = 0;
			shellPath = /bin/sh;
			shellScript = "\"${SRCROOT}/Pods/Target Support Files/Pods-FTPageViewControllerDemo/Pods-FTPageViewControllerDemo-frameworks.sh\"\n";
			showEnvVarsInLog = 0;
		};
		AE6D036C54814AD495CD7919 /* [CP] Check Pods Manifest.lock */ = {
			isa = PBXShellScriptBuildPhase;
			buildActionMask = 2147483647;
			files = (
			);
			inputPaths = (
				"${PODS_PODFILE_DIR_PATH}/Podfile.lock",
				"${PODS_ROOT}/Manifest.lock",
			);
			name = "[CP] Check Pods Manifest.lock";
			outputPaths = (
				"$(DERIVED_FILE_DIR)/Pods-FTPageViewControllerDemo-checkManifestLockResult.txt",
			);
			runOnlyForDeploymentPostprocessing = 0;
			shellPath = /bin/sh;
			shellScript = "diff \"${PODS_PODFILE_DIR_PATH}/Podfile.lock\" \"${PODS_ROOT}/Manifest.lock\" > /dev/null\nif [ $? != 0 ] ; then\n    # print error to STDERR\n    echo \"error: The sandbox is not in sync with the Podfile.lock. Run 'pod install' or update your CocoaPods installation.\" >&2\n    exit 1\nfi\n# This output is used by Xcode 'outputs' to avoid re-running this script phase.\necho \"SUCCESS\" > \"${SCRIPT_OUTPUT_FILE_0}\"\n";
			showEnvVarsInLog = 0;
		};
/* End PBXShellScriptBuildPhase section */

/* Begin PBXSourcesBuildPhase section */
		2AD54C1121198717004E2569 /* Sources */ = {
			isa = PBXSourcesBuildPhase;
			buildActionMask = 2147483647;
			files = (
				2AD54C2D21198D67004E2569 /* SubViewController.swift in Sources */,
				2AD54C1B21198717004E2569 /* ViewController.swift in Sources */,
				2AD54C1921198717004E2569 /* AppDelegate.swift in Sources */,
			);
			runOnlyForDeploymentPostprocessing = 0;
		};
/* End PBXSourcesBuildPhase section */

/* Begin PBXVariantGroup section */
		2AD54C1C21198717004E2569 /* Main.storyboard */ = {
			isa = PBXVariantGroup;
			children = (
				2AD54C1D21198717004E2569 /* Base */,
			);
			name = Main.storyboard;
			sourceTree = "<group>";
		};
		2AD54C2121198718004E2569 /* LaunchScreen.storyboard */ = {
			isa = PBXVariantGroup;
			children = (
				2AD54C2221198718004E2569 /* Base */,
			);
			name = LaunchScreen.storyboard;
			sourceTree = "<group>";
		};
/* End PBXVariantGroup section */

/* Begin XCBuildConfiguration section */
		2AD54C2521198718004E2569 /* Debug */ = {
			isa = XCBuildConfiguration;
			buildSettings = {
				ALWAYS_SEARCH_USER_PATHS = NO;
				CLANG_ANALYZER_NONNULL = YES;
				CLANG_ANALYZER_NUMBER_OBJECT_CONVERSION = YES_AGGRESSIVE;
				CLANG_CXX_LANGUAGE_STANDARD = "gnu++14";
				CLANG_CXX_LIBRARY = "libc++";
				CLANG_ENABLE_MODULES = YES;
				CLANG_ENABLE_OBJC_ARC = YES;
				CLANG_ENABLE_OBJC_WEAK = YES;
				CLANG_WARN_BLOCK_CAPTURE_AUTORELEASING = YES;
				CLANG_WARN_BOOL_CONVERSION = YES;
				CLANG_WARN_COMMA = YES;
				CLANG_WARN_CONSTANT_CONVERSION = YES;
				CLANG_WARN_DEPRECATED_OBJC_IMPLEMENTATIONS = YES;
				CLANG_WARN_DIRECT_OBJC_ISA_USAGE = YES_ERROR;
				CLANG_WARN_DOCUMENTATION_COMMENTS = YES;
				CLANG_WARN_EMPTY_BODY = YES;
				CLANG_WARN_ENUM_CONVERSION = YES;
				CLANG_WARN_INFINITE_RECURSION = YES;
				CLANG_WARN_INT_CONVERSION = YES;
				CLANG_WARN_NON_LITERAL_NULL_CONVERSION = YES;
				CLANG_WARN_OBJC_IMPLICIT_RETAIN_SELF = YES;
				CLANG_WARN_OBJC_LITERAL_CONVERSION = YES;
				CLANG_WARN_OBJC_ROOT_CLASS = YES_ERROR;
				CLANG_WARN_RANGE_LOOP_ANALYSIS = YES;
				CLANG_WARN_STRICT_PROTOTYPES = YES;
				CLANG_WARN_SUSPICIOUS_MOVE = YES;
				CLANG_WARN_UNGUARDED_AVAILABILITY = YES_AGGRESSIVE;
				CLANG_WARN_UNREACHABLE_CODE = YES;
				CLANG_WARN__DUPLICATE_METHOD_MATCH = YES;
				CODE_SIGN_IDENTITY = "iPhone Developer";
				COPY_PHASE_STRIP = NO;
				DEBUG_INFORMATION_FORMAT = dwarf;
				ENABLE_STRICT_OBJC_MSGSEND = YES;
				ENABLE_TESTABILITY = YES;
				GCC_C_LANGUAGE_STANDARD = gnu11;
				GCC_DYNAMIC_NO_PIC = NO;
				GCC_NO_COMMON_BLOCKS = YES;
				GCC_OPTIMIZATION_LEVEL = 0;
				GCC_PREPROCESSOR_DEFINITIONS = (
					"DEBUG=1",
					"$(inherited)",
				);
				GCC_WARN_64_TO_32_BIT_CONVERSION = YES;
				GCC_WARN_ABOUT_RETURN_TYPE = YES_ERROR;
				GCC_WARN_UNDECLARED_SELECTOR = YES;
				GCC_WARN_UNINITIALIZED_AUTOS = YES_AGGRESSIVE;
				GCC_WARN_UNUSED_FUNCTION = YES;
				GCC_WARN_UNUSED_VARIABLE = YES;
				IPHONEOS_DEPLOYMENT_TARGET = 12.0;
				MTL_ENABLE_DEBUG_INFO = INCLUDE_SOURCE;
				MTL_FAST_MATH = YES;
				ONLY_ACTIVE_ARCH = YES;
				SDKROOT = iphoneos;
				SWIFT_ACTIVE_COMPILATION_CONDITIONS = DEBUG;
				SWIFT_OPTIMIZATION_LEVEL = "-Onone";
			};
			name = Debug;
		};
		2AD54C2621198718004E2569 /* Release */ = {
			isa = XCBuildConfiguration;
			buildSettings = {
				ALWAYS_SEARCH_USER_PATHS = NO;
				CLANG_ANALYZER_NONNULL = YES;
				CLANG_ANALYZER_NUMBER_OBJECT_CONVERSION = YES_AGGRESSIVE;
				CLANG_CXX_LANGUAGE_STANDARD = "gnu++14";
				CLANG_CXX_LIBRARY = "libc++";
				CLANG_ENABLE_MODULES = YES;
				CLANG_ENABLE_OBJC_ARC = YES;
				CLANG_ENABLE_OBJC_WEAK = YES;
				CLANG_WARN_BLOCK_CAPTURE_AUTORELEASING = YES;
				CLANG_WARN_BOOL_CONVERSION = YES;
				CLANG_WARN_COMMA = YES;
				CLANG_WARN_CONSTANT_CONVERSION = YES;
				CLANG_WARN_DEPRECATED_OBJC_IMPLEMENTATIONS = YES;
				CLANG_WARN_DIRECT_OBJC_ISA_USAGE = YES_ERROR;
				CLANG_WARN_DOCUMENTATION_COMMENTS = YES;
				CLANG_WARN_EMPTY_BODY = YES;
				CLANG_WARN_ENUM_CONVERSION = YES;
				CLANG_WARN_INFINITE_RECURSION = YES;
				CLANG_WARN_INT_CONVERSION = YES;
				CLANG_WARN_NON_LITERAL_NULL_CONVERSION = YES;
				CLANG_WARN_OBJC_IMPLICIT_RETAIN_SELF = YES;
				CLANG_WARN_OBJC_LITERAL_CONVERSION = YES;
				CLANG_WARN_OBJC_ROOT_CLASS = YES_ERROR;
				CLANG_WARN_RANGE_LOOP_ANALYSIS = YES;
				CLANG_WARN_STRICT_PROTOTYPES = YES;
				CLANG_WARN_SUSPICIOUS_MOVE = YES;
				CLANG_WARN_UNGUARDED_AVAILABILITY = YES_AGGRESSIVE;
				CLANG_WARN_UNREACHABLE_CODE = YES;
				CLANG_WARN__DUPLICATE_METHOD_MATCH = YES;
				CODE_SIGN_IDENTITY = "iPhone Developer";
				COPY_PHASE_STRIP = NO;
				DEBUG_INFORMATION_FORMAT = "dwarf-with-dsym";
				ENABLE_NS_ASSERTIONS = NO;
				ENABLE_STRICT_OBJC_MSGSEND = YES;
				GCC_C_LANGUAGE_STANDARD = gnu11;
				GCC_NO_COMMON_BLOCKS = YES;
				GCC_WARN_64_TO_32_BIT_CONVERSION = YES;
				GCC_WARN_ABOUT_RETURN_TYPE = YES_ERROR;
				GCC_WARN_UNDECLARED_SELECTOR = YES;
				GCC_WARN_UNINITIALIZED_AUTOS = YES_AGGRESSIVE;
				GCC_WARN_UNUSED_FUNCTION = YES;
				GCC_WARN_UNUSED_VARIABLE = YES;
				IPHONEOS_DEPLOYMENT_TARGET = 12.0;
				MTL_ENABLE_DEBUG_INFO = NO;
				MTL_FAST_MATH = YES;
				SDKROOT = iphoneos;
				SWIFT_COMPILATION_MODE = wholemodule;
				SWIFT_OPTIMIZATION_LEVEL = "-O";
				VALIDATE_PRODUCT = YES;
			};
			name = Release;
		};
		2AD54C2821198718004E2569 /* Debug */ = {
			isa = XCBuildConfiguration;
			baseConfigurationReference = C01AD6D443C1765FE304A1D2 /* Pods-FTPageViewControllerDemo.debug.xcconfig */;
			buildSettings = {
				ASSETCATALOG_COMPILER_APPICON_NAME = AppIcon;
				CODE_SIGN_STYLE = Automatic;
				DEVELOPMENT_TEAM = E83AC9WR2F;
				INFOPLIST_FILE = FTPageViewControllerDemo/Info.plist;
				IPHONEOS_DEPLOYMENT_TARGET = 8.0;
				LD_RUNPATH_SEARCH_PATHS = (
					"$(inherited)",
					"@executable_path/Frameworks",
				);
				PRODUCT_BUNDLE_IDENTIFIER = com.liufengting.FTPageViewControllerDemo;
				PRODUCT_NAME = "$(TARGET_NAME)";
				SWIFT_VERSION = 4.0;
				TARGETED_DEVICE_FAMILY = "1,2";
			};
			name = Debug;
		};
		2AD54C2921198718004E2569 /* Release */ = {
			isa = XCBuildConfiguration;
			baseConfigurationReference = 2DD9227506691ECFA2C28279 /* Pods-FTPageViewControllerDemo.release.xcconfig */;
			buildSettings = {
				ASSETCATALOG_COMPILER_APPICON_NAME = AppIcon;
				CODE_SIGN_STYLE = Automatic;
				DEVELOPMENT_TEAM = E83AC9WR2F;
				INFOPLIST_FILE = FTPageViewControllerDemo/Info.plist;
				IPHONEOS_DEPLOYMENT_TARGET = 8.0;
				LD_RUNPATH_SEARCH_PATHS = (
					"$(inherited)",
					"@executable_path/Frameworks",
				);
				PRODUCT_BUNDLE_IDENTIFIER = com.liufengting.FTPageViewControllerDemo;
				PRODUCT_NAME = "$(TARGET_NAME)";
				SWIFT_VERSION = 4.0;
				TARGETED_DEVICE_FAMILY = "1,2";
			};
			name = Release;
		};
/* End XCBuildConfiguration section */

/* Begin XCConfigurationList section */
		2AD54C1021198717004E2569 /* Build configuration list for PBXProject "FTPageViewControllerDemo" */ = {
			isa = XCConfigurationList;
			buildConfigurations = (
				2AD54C2521198718004E2569 /* Debug */,
				2AD54C2621198718004E2569 /* Release */,
			);
			defaultConfigurationIsVisible = 0;
			defaultConfigurationName = Release;
		};
		2AD54C2721198718004E2569 /* Build configuration list for PBXNativeTarget "FTPageViewControllerDemo" */ = {
			isa = XCConfigurationList;
			buildConfigurations = (
				2AD54C2821198718004E2569 /* Debug */,
				2AD54C2921198718004E2569 /* Release */,
			);
			defaultConfigurationIsVisible = 0;
			defaultConfigurationName = Release;
		};
/* End XCConfigurationList section */
	};
	rootObject = 2AD54C0D21198717004E2569 /* Project object */;
}
